
Microsoft Visual Studio Solution File, Format Version 12.00
# Visual Studio 2012
Project("{FAE04EC0-301F-11D3-BF4B-00C04F79EFBC}") = "AppIncidencias", "AppIncidencias.csproj", "{1996E5CD-9447-4514-B5FB-A8BA48193597}"
EndProject
Global
	GlobalSection(SolutionConfigurationPlatforms) = preSolution
		Debug|Any CPU = Debug|Any CPU
		Release|Any CPU = Release|Any CPU
	EndGlobalSection
	GlobalSection(ProjectConfigurationPlatforms) = postSolution
		{1996E5CD-9447-4514-B5FB-A8BA48193597}.Debug|Any CPU.ActiveCfg = Debug|Any CPU
		{1996E5CD-9447-4514-B5FB-A8BA48193597}.Debug|Any CPU.Build.0 = Debug|Any CPU
		{1996E5CD-9447-4514-B5FB-A8BA48193597}.Release|Any CPU.ActiveCfg = Release|Any CPU
		{1996E5CD-9447-4514-B5FB-A8BA48193597}.Release|Any CPU.Build.0 = Release|Any CPU
	EndGlobalSection
EndGlobal
